
Microsoft Visual Studio Solution File, Format Version 12.00
# Visual Studio Version 17
VisualStudioVersion = 17.14.36603.0 d17.14
MinimumVisualStudioVersion = 10.0.40219.1
Project("{FAE04EC0-301F-11D3-BF4B-00C04F79EFBC}") = "MyBooksDemo-CSharp", "MyBooksDemo-CSharp\MyBooksDemo-CSharp.csproj", "{FD2369E2-D212-49F5-90BD-1A464EAF615B}"
EndProject
Global
	GlobalSection(SolutionConfigurationPlatforms) = preSolution
		Debug|Any CPU = Debug|Any CPU
		Release|Any CPU = Release|Any CPU
	EndGlobalSection
	GlobalSection(ProjectConfigurationPlatforms) = postSolution
		{FD2369E2-D212-49F5-90BD-1A464EAF615B}.Debug|Any CPU.ActiveCfg = Debug|Any CPU
		{FD2369E2-D212-49F5-90BD-1A464EAF615B}.Debug|Any CPU.Build.0 = Debug|Any CPU
		{FD2369E2-D212-49F5-90BD-1A464EAF615B}.Release|Any CPU.ActiveCfg = Release|Any CPU
		{FD2369E2-D212-49F5-90BD-1A464EAF615B}.Release|Any CPU.Build.0 = Release|Any CPU
	EndGlobalSection
	GlobalSection(SolutionProperties) = preSolution
		HideSolutionNode = FALSE
	EndGlobalSection
	GlobalSection(ExtensibilityGlobals) = postSolution
		SolutionGuid = {85E8522E-FA24-4FA0-930F-A1F7A827490F}
	EndGlobalSection
EndGlobal
